
Microsoft Visual Studio Solution File, Format Version 12.00
# Visual Studio Version 17
VisualStudioVersion = 17.13.35828.75 d17.13
MinimumVisualStudioVersion = 10.0.40219.1
Project("{FAE04EC0-301F-11D3-BF4B-00C04F79EFBC}") = "MoneyPlease", "MoneyPlease\MoneyPlease.csproj", "{5D3C1898-E9B6-4586-97EC-F629BEF5FDFF}"
EndProject
Global
	GlobalSection(SolutionConfigurationPlatforms) = preSolution
		Debug|Any CPU = Debug|Any CPU
		Release|Any CPU = Release|Any CPU
	EndGlobalSection
	GlobalSection(ProjectConfigurationPlatforms) = postSolution
		{5D3C1898-E9B6-4586-97EC-F629BEF5FDFF}.Debug|Any CPU.ActiveCfg = Debug|Any CPU
		{5D3C1898-E9B6-4586-97EC-F629BEF5FDFF}.Debug|Any CPU.Build.0 = Debug|Any CPU
		{5D3C1898-E9B6-4586-97EC-F629BEF5FDFF}.Release|Any CPU.ActiveCfg = Release|Any CPU
		{5D3C1898-E9B6-4586-97EC-F629BEF5FDFF}.Release|Any CPU.Build.0 = Release|Any CPU
	EndGlobalSection
	GlobalSection(SolutionProperties) = preSolution
		HideSolutionNode = FALSE
	EndGlobalSection
	GlobalSection(ExtensibilityGlobals) = postSolution
		SolutionGuid = {6A29DD3E-3AF9-4A05-AD0F-67F4B317DD7B}
	EndGlobalSection
EndGlobal
